
Microsoft Visual Studio Solution File, Format Version 12.00
# Visual Studio 15
VisualStudioVersion = 15.0.28010.2026
MinimumVisualStudioVersion = 10.0.40219.1
Project("{FAE04EC0-301F-11D3-BF4B-00C04F79EFBC}") = "all_shutdown", "all_shutdown\all_shutdown.csproj", "{89B62626-3C09-4C53-AEBC-A95188266807}"
EndProject
Global
	GlobalSection(SolutionConfigurationPlatforms) = preSolution
		Debug|Any CPU = Debug|Any CPU
		Release|Any CPU = Release|Any CPU
	EndGlobalSection
	GlobalSection(ProjectConfigurationPlatforms) = postSolution
		{89B62626-3C09-4C53-AEBC-A95188266807}.Debug|Any CPU.ActiveCfg = Debug|Any CPU
		{89B62626-3C09-4C53-AEBC-A95188266807}.Debug|Any CPU.Build.0 = Debug|Any CPU
		{89B62626-3C09-4C53-AEBC-A95188266807}.Release|Any CPU.ActiveCfg = Release|Any CPU
		{89B62626-3C09-4C53-AEBC-A95188266807}.Release|Any CPU.Build.0 = Release|Any CPU
	EndGlobalSection
	GlobalSection(SolutionProperties) = preSolution
		HideSolutionNode = FALSE
	EndGlobalSection
	GlobalSection(ExtensibilityGlobals) = postSolution
		SolutionGuid = {3BA93D2D-F9E5-4662-BAE1-2E965AD49CB4}
	EndGlobalSection
EndGlobal
